
Microsoft Visual Studio Solution File, Format Version 12.00
# Visual Studio Version 17
VisualStudioVersion = 17.14.36414.22
MinimumVisualStudioVersion = 10.0.40219.1
Project("{FAE04EC0-301F-11D3-BF4B-00C04F79EFBC}") = "Mini_Projekt", "Mini_Projekt\Mini_Projekt.csproj", "{5FF05365-8B12-4CF2-9CA0-A748DDAA2125}"
EndProject
Project("{FAE04EC0-301F-11D3-BF4B-00C04F79EFBC}") = "piskvorky", "piskvorky\piskvorky.csproj", "{ECF29CBF-8510-4305-9E2F-AC9476D838ED}"
EndProject
Global
	GlobalSection(SolutionConfigurationPlatforms) = preSolution
		Debug|Any CPU = Debug|Any CPU
		Release|Any CPU = Release|Any CPU
	EndGlobalSection
	GlobalSection(ProjectConfigurationPlatforms) = postSolution
		{5FF05365-8B12-4CF2-9CA0-A748DDAA2125}.Debug|Any CPU.ActiveCfg = Debug|Any CPU
		{5FF05365-8B12-4CF2-9CA0-A748DDAA2125}.Debug|Any CPU.Build.0 = Debug|Any CPU
		{5FF05365-8B12-4CF2-9CA0-A748DDAA2125}.Release|Any CPU.ActiveCfg = Release|Any CPU
		{5FF05365-8B12-4CF2-9CA0-A748DDAA2125}.Release|Any CPU.Build.0 = Release|Any CPU
		{ECF29CBF-8510-4305-9E2F-AC9476D838ED}.Debug|Any CPU.ActiveCfg = Debug|Any CPU
		{ECF29CBF-8510-4305-9E2F-AC9476D838ED}.Debug|Any CPU.Build.0 = Debug|Any CPU
		{ECF29CBF-8510-4305-9E2F-AC9476D838ED}.Release|Any CPU.ActiveCfg = Release|Any CPU
		{ECF29CBF-8510-4305-9E2F-AC9476D838ED}.Release|Any CPU.Build.0 = Release|Any CPU
	EndGlobalSection
	GlobalSection(SolutionProperties) = preSolution
		HideSolutionNode = FALSE
	EndGlobalSection
	GlobalSection(ExtensibilityGlobals) = postSolution
		SolutionGuid = {37445642-7140-4AF7-909E-E00FF3C2D963}
	EndGlobalSection
EndGlobal
